// !$*UTF8*$!
{
	archiveVersion = 1;
	classes = {
	};
	objectVersion = 46;
	objects = {

/* Begin PBXBuildFile section */
		4C569CBE180336FE00CDF60A /* KOAPIClient.m in Sources */ = {isa = PBXBuildFile; fileRef = 4C569CBD180336FE00CDF60A /* KOAPIClient.m */; };
		4C569CD318033D3C00CDF60A /* AFHTTPRequestOperation.m in Sources */ = {isa = PBXBuildFile; fileRef = 4C569CC118033D3C00CDF60A /* AFHTTPRequestOperation.m */; };
		4C569CD418033D3C00CDF60A /* AFHTTPRequestOperationManager.m in Sources */ = {isa = PBXBuildFile; fileRef = 4C569CC318033D3C00CDF60A /* AFHTTPRequestOperationManager.m */; };
		4C569CD518033D3C00CDF60A /* AFHTTPSessionManager.m in Sources */ = {isa = PBXBuildFile; fileRef = 4C569CC518033D3C00CDF60A /* AFHTTPSessionManager.m */; };
		4C569CD618033D3C00CDF60A /* AFNetworkReachabilityManager.m in Sources */ = {isa = PBXBuildFile; fileRef = 4C569CC818033D3C00CDF60A /* AFNetworkReachabilityManager.m */; };
		4C569CD718033D3C00CDF60A /* AFSecurityPolicy.m in Sources */ = {isa = PBXBuildFile; fileRef = 4C569CCA18033D3C00CDF60A /* AFSecurityPolicy.m */; };
		4C569CD818033D3C00CDF60A /* AFURLConnectionOperation.m in Sources */ = {isa = PBXBuildFile; fileRef = 4C569CCC18033D3C00CDF60A /* AFURLConnectionOperation.m */; };
		4C569CD918033D3C00CDF60A /* AFURLRequestSerialization.m in Sources */ = {isa = PBXBuildFile; fileRef = 4C569CCE18033D3C00CDF60A /* AFURLRequestSerialization.m */; };
		4C569CDA18033D3C00CDF60A /* AFURLResponseSerialization.m in Sources */ = {isa = PBXBuildFile; fileRef = 4C569CD018033D3C00CDF60A /* AFURLResponseSerialization.m */; };
		4C569CDB18033D3C00CDF60A /* AFURLSessionManager.m in Sources */ = {isa = PBXBuildFile; fileRef = 4C569CD218033D3C00CDF60A /* AFURLSessionManager.m */; };
		4C624C4017F367EA00CB6DF3 /* EXTRuntimeExtensions.m in Sources */ = {isa = PBXBuildFile; fileRef = 4C624C2117F367EA00CB6DF3 /* EXTRuntimeExtensions.m */; };
		4C624C4117F367EA00CB6DF3 /* EXTScope.m in Sources */ = {isa = PBXBuildFile; fileRef = 4C624C2317F367EA00CB6DF3 /* EXTScope.m */; };
		4C624C4217F367EA00CB6DF3 /* Mantle-Info.plist in Resources */ = {isa = PBXBuildFile; fileRef = 4C624C2517F367EA00CB6DF3 /* Mantle-Info.plist */; };
		4C624C4317F367EA00CB6DF3 /* MTLJSONAdapter.m in Sources */ = {isa = PBXBuildFile; fileRef = 4C624C2917F367EA00CB6DF3 /* MTLJSONAdapter.m */; };
		4C624C4417F367EA00CB6DF3 /* MTLManagedObjectAdapter.m in Sources */ = {isa = PBXBuildFile; fileRef = 4C624C2B17F367EA00CB6DF3 /* MTLManagedObjectAdapter.m */; };
		4C624C4517F367EA00CB6DF3 /* MTLModel+NSCoding.m in Sources */ = {isa = PBXBuildFile; fileRef = 4C624C2D17F367EA00CB6DF3 /* MTLModel+NSCoding.m */; };
		4C624C4617F367EA00CB6DF3 /* MTLModel.m in Sources */ = {isa = PBXBuildFile; fileRef = 4C624C2F17F367EA00CB6DF3 /* MTLModel.m */; };
		4C624C4717F367EA00CB6DF3 /* MTLReflection.m in Sources */ = {isa = PBXBuildFile; fileRef = 4C624C3117F367EA00CB6DF3 /* MTLReflection.m */; };
		4C624C4817F367EA00CB6DF3 /* MTLValueTransformer.m in Sources */ = {isa = PBXBuildFile; fileRef = 4C624C3317F367EA00CB6DF3 /* MTLValueTransformer.m */; };
		4C624C4917F367EA00CB6DF3 /* NSArray+MTLManipulationAdditions.m in Sources */ = {isa = PBXBuildFile; fileRef = 4C624C3517F367EA00CB6DF3 /* NSArray+MTLManipulationAdditions.m */; };
		4C624C4A17F367EA00CB6DF3 /* NSDictionary+MTLManipulationAdditions.m in Sources */ = {isa = PBXBuildFile; fileRef = 4C624C3717F367EA00CB6DF3 /* NSDictionary+MTLManipulationAdditions.m */; };
		4C624C4B17F367EA00CB6DF3 /* NSError+MTLModelException.m in Sources */ = {isa = PBXBuildFile; fileRef = 4C624C3917F367EA00CB6DF3 /* NSError+MTLModelException.m */; };
		4C624C4C17F367EA00CB6DF3 /* NSObject+MTLComparisonAdditions.m in Sources */ = {isa = PBXBuildFile; fileRef = 4C624C3B17F367EA00CB6DF3 /* NSObject+MTLComparisonAdditions.m */; };
		4C624C4D17F367EA00CB6DF3 /* NSValueTransformer+MTLInversionAdditions.m in Sources */ = {isa = PBXBuildFile; fileRef = 4C624C3D17F367EA00CB6DF3 /* NSValueTransformer+MTLInversionAdditions.m */; };
		4C624C4E17F367EA00CB6DF3 /* NSValueTransformer+MTLPredefinedTransformerAdditions.m in Sources */ = {isa = PBXBuildFile; fileRef = 4C624C3F17F367EA00CB6DF3 /* NSValueTransformer+MTLPredefinedTransformerAdditions.m */; };
		4C624C5217F3699800CB6DF3 /* KOModels.m in Sources */ = {isa = PBXBuildFile; fileRef = 4C624C5117F3699800CB6DF3 /* KOModels.m */; };
		4C7549DB180DC04A009E88BE /* KOSecondaryDetailTableViewController.m in Sources */ = {isa = PBXBuildFile; fileRef = 4C7549DA180DC04A009E88BE /* KOSecondaryDetailTableViewController.m */; };
		4CD8D0931812E0BC00FC845F /* KOCinemaCell.m in Sources */ = {isa = PBXBuildFile; fileRef = 4CD8D0921812E0BC00FC845F /* KOCinemaCell.m */; };
		4CD8D0961812E0CF00FC845F /* KOMovieNameCell.m in Sources */ = {isa = PBXBuildFile; fileRef = 4CD8D0951812E0CF00FC845F /* KOMovieNameCell.m */; };
		4CD8D0991812E0E000FC845F /* KOMovieScreeningCell.m in Sources */ = {isa = PBXBuildFile; fileRef = 4CD8D0981812E0E000FC845F /* KOMovieScreeningCell.m */; };
		4CD8D0AA1814621200FC845F /* AFNetworkActivityIndicatorManager.m in Sources */ = {isa = PBXBuildFile; fileRef = 4CD8D09C1814621200FC845F /* AFNetworkActivityIndicatorManager.m */; };
		4CD8D0AB1814621200FC845F /* UIActivityIndicatorView+AFNetworking.m in Sources */ = {isa = PBXBuildFile; fileRef = 4CD8D09E1814621200FC845F /* UIActivityIndicatorView+AFNetworking.m */; };
		4CD8D0AC1814621200FC845F /* UIAlertView+AFNetworking.m in Sources */ = {isa = PBXBuildFile; fileRef = 4CD8D0A01814621200FC845F /* UIAlertView+AFNetworking.m */; };
		4CD8D0AD1814621200FC845F /* UIButton+AFNetworking.m in Sources */ = {isa = PBXBuildFile; fileRef = 4CD8D0A21814621200FC845F /* UIButton+AFNetworking.m */; };
		4CD8D0AE1814621200FC845F /* UIImageView+AFNetworking.m in Sources */ = {isa = PBXBuildFile; fileRef = 4CD8D0A41814621200FC845F /* UIImageView+AFNetworking.m */; };
		4CD8D0AF1814621200FC845F /* UIProgressView+AFNetworking.m in Sources */ = {isa = PBXBuildFile; fileRef = 4CD8D0A71814621200FC845F /* UIProgressView+AFNetworking.m */; };
		4CD8D0B01814621200FC845F /* UIWebView+AFNetworking.m in Sources */ = {isa = PBXBuildFile; fileRef = 4CD8D0A91814621200FC845F /* UIWebView+AFNetworking.m */; };
		4CDBA15018034C020012C7D4 /* CoreLocation.framework in Frameworks */ = {isa = PBXBuildFile; fileRef = 4CDBA14F18034C020012C7D4 /* CoreLocation.framework */; };
		4CDBA15318034C540012C7D4 /* KODataManager.m in Sources */ = {isa = PBXBuildFile; fileRef = 4CDBA15218034C540012C7D4 /* KODataManager.m */; };
		58D19EEC17EB3C4200B9AB45 /* Foundation.framework in Frameworks */ = {isa = PBXBuildFile; fileRef = 58D19EEB17EB3C4200B9AB45 /* Foundation.framework */; };
		58D19EEE17EB3C4200B9AB45 /* CoreGraphics.framework in Frameworks */ = {isa = PBXBuildFile; fileRef = 58D19EED17EB3C4200B9AB45 /* CoreGraphics.framework */; };
		58D19EF017EB3C4200B9AB45 /* UIKit.framework in Frameworks */ = {isa = PBXBuildFile; fileRef = 58D19EEF17EB3C4200B9AB45 /* UIKit.framework */; };
		58D19EF617EB3C4200B9AB45 /* InfoPlist.strings in Resources */ = {isa = PBXBuildFile; fileRef = 58D19EF417EB3C4200B9AB45 /* InfoPlist.strings */; };
		58D19EF817EB3C4200B9AB45 /* main.m in Sources */ = {isa = PBXBuildFile; fileRef = 58D19EF717EB3C4200B9AB45 /* main.m */; };
		58D19EFC17EB3C4200B9AB45 /* KOAppDelegate.m in Sources */ = {isa = PBXBuildFile; fileRef = 58D19EFB17EB3C4200B9AB45 /* KOAppDelegate.m */; };
		58D19F0A17EB3C4200B9AB45 /* Images.xcassets in Resources */ = {isa = PBXBuildFile; fileRef = 58D19F0917EB3C4200B9AB45 /* Images.xcassets */; };
		58D19F2817EB3EAC00B9AB45 /* KOBaseTableViewController.m in Sources */ = {isa = PBXBuildFile; fileRef = 58D19F2717EB3EAC00B9AB45 /* KOBaseTableViewController.m */; };
		58D19F2B17EB534300B9AB45 /* KOCinemasTableViewController.m in Sources */ = {isa = PBXBuildFile; fileRef = 58D19F2A17EB534300B9AB45 /* KOCinemasTableViewController.m */; };
		58D19F3217EB59C000B9AB45 /* KOMoviesTableViewController.m in Sources */ = {isa = PBXBuildFile; fileRef = 58D19F3117EB59C000B9AB45 /* KOMoviesTableViewController.m */; };
/* End PBXBuildFile section */

/* Begin PBXFileReference section */
		4C569CBC180336FE00CDF60A /* KOAPIClient.h */ = {isa = PBXFileReference; fileEncoding = 4; lastKnownFileType = sourcecode.c.h; path = KOAPIClient.h; sourceTree = "<group>"; };
		4C569CBD180336FE00CDF60A /* KOAPIClient.m */ = {isa = PBXFileReference; fileEncoding = 4; lastKnownFileType = sourcecode.c.objc; path = KOAPIClient.m; sourceTree = "<group>"; };
		4C569CC018033D3C00CDF60A /* AFHTTPRequestOperation.h */ = {isa = PBXFileReference; fileEncoding = 4; lastKnownFileType = sourcecode.c.h; path = AFHTTPRequestOperation.h; sourceTree = "<group>"; };
		4C569CC118033D3C00CDF60A /* AFHTTPRequestOperation.m */ = {isa = PBXFileReference; fileEncoding = 4; lastKnownFileType = sourcecode.c.objc; path = AFHTTPRequestOperation.m; sourceTree = "<group>"; };
		4C569CC218033D3C00CDF60A /* AFHTTPRequestOperationManager.h */ = {isa = PBXFileReference; fileEncoding = 4; lastKnownFileType = sourcecode.c.h; path = AFHTTPRequestOperationManager.h; sourceTree = "<group>"; };
		4C569CC318033D3C00CDF60A /* AFHTTPRequestOperationManager.m */ = {isa = PBXFileReference; fileEncoding = 4; lastKnownFileType = sourcecode.c.objc; path = AFHTTPRequestOperationManager.m; sourceTree = "<group>"; };
		4C569CC418033D3C00CDF60A /* AFHTTPSessionManager.h */ = {isa = PBXFileReference; fileEncoding = 4; lastKnownFileType = sourcecode.c.h; path = AFHTTPSessionManager.h; sourceTree = "<group>"; };
		4C569CC518033D3C00CDF60A /* AFHTTPSessionManager.m */ = {isa = PBXFileReference; fileEncoding = 4; lastKnownFileType = sourcecode.c.objc; path = AFHTTPSessionManager.m; sourceTree = "<group>"; };
		4C569CC618033D3C00CDF60A /* AFNetworking.h */ = {isa = PBXFileReference; fileEncoding = 4; lastKnownFileType = sourcecode.c.h; path = AFNetworking.h; sourceTree = "<group>"; };
		4C569CC718033D3C00CDF60A /* AFNetworkReachabilityManager.h */ = {isa = PBXFileReference; fileEncoding = 4; lastKnownFileType = sourcecode.c.h; path = AFNetworkReachabilityManager.h; sourceTree = "<group>"; };
		4C569CC818033D3C00CDF60A /* AFNetworkReachabilityManager.m */ = {isa = PBXFileReference; fileEncoding = 4; lastKnownFileType = sourcecode.c.objc; path = AFNetworkReachabilityManager.m; sourceTree = "<group>"; };
		4C569CC918033D3C00CDF60A /* AFSecurityPolicy.h */ = {isa = PBXFileReference; fileEncoding = 4; lastKnownFileType = sourcecode.c.h; path = AFSecurityPolicy.h; sourceTree = "<group>"; };
		4C569CCA18033D3C00CDF60A /* AFSecurityPolicy.m */ = {isa = PBXFileReference; fileEncoding = 4; lastKnownFileType = sourcecode.c.objc; path = AFSecurityPolicy.m; sourceTree = "<group>"; };
		4C569CCB18033D3C00CDF60A /* AFURLConnectionOperation.h */ = {isa = PBXFileReference; fileEncoding = 4; lastKnownFileType = sourcecode.c.h; path = AFURLConnectionOperation.h; sourceTree = "<group>"; };
		4C569CCC18033D3C00CDF60A /* AFURLConnectionOperation.m */ = {isa = PBXFileReference; fileEncoding = 4; lastKnownFileType = sourcecode.c.objc; path = AFURLConnectionOperation.m; sourceTree = "<group>"; };
		4C569CCD18033D3C00CDF60A /* AFURLRequestSerialization.h */ = {isa = PBXFileReference; fileEncoding = 4; lastKnownFileType = sourcecode.c.h; path = AFURLRequestSerialization.h; sourceTree = "<group>"; };
		4C569CCE18033D3C00CDF60A /* AFURLRequestSerialization.m */ = {isa = PBXFileReference; fileEncoding = 4; lastKnownFileType = sourcecode.c.objc; path = AFURLRequestSerialization.m; sourceTree = "<group>"; };
		4C569CCF18033D3C00CDF60A /* AFURLResponseSerialization.h */ = {isa = PBXFileReference; fileEncoding = 4; lastKnownFileType = sourcecode.c.h; path = AFURLResponseSerialization.h; sourceTree = "<group>"; };
		4C569CD018033D3C00CDF60A /* AFURLResponseSerialization.m */ = {isa = PBXFileReference; fileEncoding = 4; lastKnownFileType = sourcecode.c.objc; path = AFURLResponseSerialization.m; sourceTree = "<group>"; };
		4C569CD118033D3C00CDF60A /* AFURLSessionManager.h */ = {isa = PBXFileReference; fileEncoding = 4; lastKnownFileType = sourcecode.c.h; path = AFURLSessionManager.h; sourceTree = "<group>"; };
		4C569CD218033D3C00CDF60A /* AFURLSessionManager.m */ = {isa = PBXFileReference; fileEncoding = 4; lastKnownFileType = sourcecode.c.objc; path = AFURLSessionManager.m; sourceTree = "<group>"; };
		4C624C1F17F367EA00CB6DF3 /* EXTKeyPathCoding.h */ = {isa = PBXFileReference; fileEncoding = 4; lastKnownFileType = sourcecode.c.h; path = EXTKeyPathCoding.h; sourceTree = "<group>"; };
		4C624C2017F367EA00CB6DF3 /* EXTRuntimeExtensions.h */ = {isa = PBXFileReference; fileEncoding = 4; lastKnownFileType = sourcecode.c.h; path = EXTRuntimeExtensions.h; sourceTree = "<group>"; };
		4C624C2117F367EA00CB6DF3 /* EXTRuntimeExtensions.m */ = {isa = PBXFileReference; fileEncoding = 4; lastKnownFileType = sourcecode.c.objc; path = EXTRuntimeExtensions.m; sourceTree = "<group>"; };
		4C624C2217F367EA00CB6DF3 /* EXTScope.h */ = {isa = PBXFileReference; fileEncoding = 4; lastKnownFileType = sourcecode.c.h; path = EXTScope.h; sourceTree = "<group>"; };
		4C624C2317F367EA00CB6DF3 /* EXTScope.m */ = {isa = PBXFileReference; fileEncoding = 4; lastKnownFileType = sourcecode.c.objc; path = EXTScope.m; sourceTree = "<group>"; };
		4C624C2417F367EA00CB6DF3 /* metamacros.h */ = {isa = PBXFileReference; fileEncoding = 4; lastKnownFileType = sourcecode.c.h; path = metamacros.h; sourceTree = "<group>"; };
		4C624C2517F367EA00CB6DF3 /* Mantle-Info.plist */ = {isa = PBXFileReference; fileEncoding = 4; lastKnownFileType = text.plist.xml; path = "Mantle-Info.plist"; sourceTree = "<group>"; };
		4C624C2617F367EA00CB6DF3 /* Mantle-Prefix.pch */ = {isa = PBXFileReference; fileEncoding = 4; lastKnownFileType = sourcecode.c.h; path = "Mantle-Prefix.pch"; sourceTree = "<group>"; };
		4C624C2717F367EA00CB6DF3 /* Mantle.h */ = {isa = PBXFileReference; fileEncoding = 4; lastKnownFileType = sourcecode.c.h; path = Mantle.h; sourceTree = "<group>"; };
		4C624C2817F367EA00CB6DF3 /* MTLJSONAdapter.h */ = {isa = PBXFileReference; fileEncoding = 4; lastKnownFileType = sourcecode.c.h; path = MTLJSONAdapter.h; sourceTree = "<group>"; };
		4C624C2917F367EA00CB6DF3 /* MTLJSONAdapter.m */ = {isa = PBXFileReference; fileEncoding = 4; lastKnownFileType = sourcecode.c.objc; path = MTLJSONAdapter.m; sourceTree = "<group>"; };
		4C624C2A17F367EA00CB6DF3 /* MTLManagedObjectAdapter.h */ = {isa = PBXFileReference; fileEncoding = 4; lastKnownFileType = sourcecode.c.h; path = MTLManagedObjectAdapter.h; sourceTree = "<group>"; };
		4C624C2B17F367EA00CB6DF3 /* MTLManagedObjectAdapter.m */ = {isa = PBXFileReference; fileEncoding = 4; lastKnownFileType = sourcecode.c.objc; path = MTLManagedObjectAdapter.m; sourceTree = "<group>"; };
		4C624C2C17F367EA00CB6DF3 /* MTLModel+NSCoding.h */ = {isa = PBXFileReference; fileEncoding = 4; lastKnownFileType = sourcecode.c.h; path = "MTLModel+NSCoding.h"; sourceTree = "<group>"; };
		4C624C2D17F367EA00CB6DF3 /* MTLModel+NSCoding.m */ = {isa = PBXFileReference; fileEncoding = 4; lastKnownFileType = sourcecode.c.objc; path = "MTLModel+NSCoding.m"; sourceTree = "<group>"; };
		4C624C2E17F367EA00CB6DF3 /* MTLModel.h */ = {isa = PBXFileReference; fileEncoding = 4; lastKnownFileType = sourcecode.c.h; path = MTLModel.h; sourceTree = "<group>"; };
		4C624C2F17F367EA00CB6DF3 /* MTLModel.m */ = {isa = PBXFileReference; fileEncoding = 4; lastKnownFileType = sourcecode.c.objc; path = MTLModel.m; sourceTree = "<group>"; };
		4C624C3017F367EA00CB6DF3 /* MTLReflection.h */ = {isa = PBXFileReference; fileEncoding = 4; lastKnownFileType = sourcecode.c.h; path = MTLReflection.h; sourceTree = "<group>"; };
		4C624C3117F367EA00CB6DF3 /* MTLReflection.m */ = {isa = PBXFileReference; fileEncoding = 4; lastKnownFileType = sourcecode.c.objc; path = MTLReflection.m; sourceTree = "<group>"; };
		4C624C3217F367EA00CB6DF3 /* MTLValueTransformer.h */ = {isa = PBXFileReference; fileEncoding = 4; lastKnownFileType = sourcecode.c.h; path = MTLValueTransformer.h; sourceTree = "<group>"; };
		4C624C3317F367EA00CB6DF3 /* MTLValueTransformer.m */ = {isa = PBXFileReference; fileEncoding = 4; lastKnownFileType = sourcecode.c.objc; path = MTLValueTransformer.m; sourceTree = "<group>"; };
		4C624C3417F367EA00CB6DF3 /* NSArray+MTLManipulationAdditions.h */ = {isa = PBXFileReference; fileEncoding = 4; lastKnownFileType = sourcecode.c.h; path = "NSArray+MTLManipulationAdditions.h"; sourceTree = "<group>"; };
		4C624C3517F367EA00CB6DF3 /* NSArray+MTLManipulationAdditions.m */ = {isa = PBXFileReference; fileEncoding = 4; lastKnownFileType = sourcecode.c.objc; path = "NSArray+MTLManipulationAdditions.m"; sourceTree = "<group>"; };
		4C624C3617F367EA00CB6DF3 /* NSDictionary+MTLManipulationAdditions.h */ = {isa = PBXFileReference; fileEncoding = 4; lastKnownFileType = sourcecode.c.h; path = "NSDictionary+MTLManipulationAdditions.h"; sourceTree = "<group>"; };
		4C624C3717F367EA00CB6DF3 /* NSDictionary+MTLManipulationAdditions.m */ = {isa = PBXFileReference; fileEncoding = 4; lastKnownFileType = sourcecode.c.objc; path = "NSDictionary+MTLManipulationAdditions.m"; sourceTree = "<group>"; };
		4C624C3817F367EA00CB6DF3 /* NSError+MTLModelException.h */ = {isa = PBXFileReference; fileEncoding = 4; lastKnownFileType = sourcecode.c.h; path = "NSError+MTLModelException.h"; sourceTree = "<group>"; };
		4C624C3917F367EA00CB6DF3 /* NSError+MTLModelException.m */ = {isa = PBXFileReference; fileEncoding = 4; lastKnownFileType = sourcecode.c.objc; path = "NSError+MTLModelException.m"; sourceTree = "<group>"; };
		4C624C3A17F367EA00CB6DF3 /* NSObject+MTLComparisonAdditions.h */ = {isa = PBXFileReference; fileEncoding = 4; lastKnownFileType = sourcecode.c.h; path = "NSObject+MTLComparisonAdditions.h"; sourceTree = "<group>"; };
		4C624C3B17F367EA00CB6DF3 /* NSObject+MTLComparisonAdditions.m */ = {isa = PBXFileReference; fileEncoding = 4; lastKnownFileType = sourcecode.c.objc; path = "NSObject+MTLComparisonAdditions.m"; sourceTree = "<group>"; };
		4C624C3C17F367EA00CB6DF3 /* NSValueTransformer+MTLInversionAdditions.h */ = {isa = PBXFileReference; fileEncoding = 4; lastKnownFileType = sourcecode.c.h; path = "NSValueTransformer+MTLInversionAdditions.h"; sourceTree = "<group>"; };
		4C624C3D17F367EA00CB6DF3 /* NSValueTransformer+MTLInversionAdditions.m */ = {isa = PBXFileReference; fileEncoding = 4; lastKnownFileType = sourcecode.c.objc; path = "NSValueTransformer+MTLInversionAdditions.m"; sourceTree = "<group>"; };
		4C624C3E17F367EA00CB6DF3 /* NSValueTransformer+MTLPredefinedTransformerAdditions.h */ = {isa = PBXFileReference; fileEncoding = 4; lastKnownFileType = sourcecode.c.h; path = "NSValueTransformer+MTLPredefinedTransformerAdditions.h"; sourceTree = "<group>"; };
		4C624C3F17F367EA00CB6DF3 /* NSValueTransformer+MTLPredefinedTransformerAdditions.m */ = {isa = PBXFileReference; fileEncoding = 4; lastKnownFileType = sourcecode.c.objc; path = "NSValueTransformer+MTLPredefinedTransformerAdditions.m"; sourceTree = "<group>"; };
		4C624C5017F3699800CB6DF3 /* KOModels.h */ = {isa = PBXFileReference; fileEncoding = 4; lastKnownFileType = sourcecode.c.h; path = KOModels.h; sourceTree = "<group>"; };
		4C624C5117F3699800CB6DF3 /* KOModels.m */ = {isa = PBXFileReference; fileEncoding = 4; lastKnownFileType = sourcecode.c.objc; path = KOModels.m; sourceTree = "<group>"; };
		4C7549D9180DC04A009E88BE /* KOSecondaryDetailTableViewController.h */ = {isa = PBXFileReference; fileEncoding = 4; lastKnownFileType = sourcecode.c.h; path = KOSecondaryDetailTableViewController.h; sourceTree = "<group>"; };
		4C7549DA180DC04A009E88BE /* KOSecondaryDetailTableViewController.m */ = {isa = PBXFileReference; fileEncoding = 4; lastKnownFileType = sourcecode.c.objc; path = KOSecondaryDetailTableViewController.m; sourceTree = "<group>"; };
		4CD8D0911812E0BC00FC845F /* KOCinemaCell.h */ = {isa = PBXFileReference; fileEncoding = 4; lastKnownFileType = sourcecode.c.h; path = KOCinemaCell.h; sourceTree = "<group>"; };
		4CD8D0921812E0BC00FC845F /* KOCinemaCell.m */ = {isa = PBXFileReference; fileEncoding = 4; lastKnownFileType = sourcecode.c.objc; path = KOCinemaCell.m; sourceTree = "<group>"; };
		4CD8D0941812E0CF00FC845F /* KOMovieNameCell.h */ = {isa = PBXFileReference; fileEncoding = 4; lastKnownFileType = sourcecode.c.h; path = KOMovieNameCell.h; sourceTree = "<group>"; };
		4CD8D0951812E0CF00FC845F /* KOMovieNameCell.m */ = {isa = PBXFileReference; fileEncoding = 4; lastKnownFileType = sourcecode.c.objc; path = KOMovieNameCell.m; sourceTree = "<group>"; };
		4CD8D0971812E0E000FC845F /* KOMovieScreeningCell.h */ = {isa = PBXFileReference; fileEncoding = 4; lastKnownFileType = sourcecode.c.h; path = KOMovieScreeningCell.h; sourceTree = "<group>"; };
		4CD8D0981812E0E000FC845F /* KOMovieScreeningCell.m */ = {isa = PBXFileReference; fileEncoding = 4; lastKnownFileType = sourcecode.c.objc; path = KOMovieScreeningCell.m; sourceTree = "<group>"; };
		4CD8D09B1814621200FC845F /* AFNetworkActivityIndicatorManager.h */ = {isa = PBXFileReference; fileEncoding = 4; lastKnownFileType = sourcecode.c.h; path = AFNetworkActivityIndicatorManager.h; sourceTree = "<group>"; };
		4CD8D09C1814621200FC845F /* AFNetworkActivityIndicatorManager.m */ = {isa = PBXFileReference; fileEncoding = 4; lastKnownFileType = sourcecode.c.objc; path = AFNetworkActivityIndicatorManager.m; sourceTree = "<group>"; };
		4CD8D09D1814621200FC845F /* UIActivityIndicatorView+AFNetworking.h */ = {isa = PBXFileReference; fileEncoding = 4; lastKnownFileType = sourcecode.c.h; path = "UIActivityIndicatorView+AFNetworking.h"; sourceTree = "<group>"; };
		4CD8D09E1814621200FC845F /* UIActivityIndicatorView+AFNetworking.m */ = {isa = PBXFileReference; fileEncoding = 4; lastKnownFileType = sourcecode.c.objc; path = "UIActivityIndicatorView+AFNetworking.m"; sourceTree = "<group>"; };
		4CD8D09F1814621200FC845F /* UIAlertView+AFNetworking.h */ = {isa = PBXFileReference; fileEncoding = 4; lastKnownFileType = sourcecode.c.h; path = "UIAlertView+AFNetworking.h"; sourceTree = "<group>"; };
		4CD8D0A01814621200FC845F /* UIAlertView+AFNetworking.m */ = {isa = PBXFileReference; fileEncoding = 4; lastKnownFileType = sourcecode.c.objc; path = "UIAlertView+AFNetworking.m"; sourceTree = "<group>"; };
		4CD8D0A11814621200FC845F /* UIButton+AFNetworking.h */ = {isa = PBXFileReference; fileEncoding = 4; lastKnownFileType = sourcecode.c.h; path = "UIButton+AFNetworking.h"; sourceTree = "<group>"; };
		4CD8D0A21814621200FC845F /* UIButton+AFNetworking.m */ = {isa = PBXFileReference; fileEncoding = 4; lastKnownFileType = sourcecode.c.objc; path = "UIButton+AFNetworking.m"; sourceTree = "<group>"; };
		4CD8D0A31814621200FC845F /* UIImageView+AFNetworking.h */ = {isa = PBXFileReference; fileEncoding = 4; lastKnownFileType = sourcecode.c.h; path = "UIImageView+AFNetworking.h"; sourceTree = "<group>"; };
		4CD8D0A41814621200FC845F /* UIImageView+AFNetworking.m */ = {isa = PBXFileReference; fileEncoding = 4; lastKnownFileType = sourcecode.c.objc; path = "UIImageView+AFNetworking.m"; sourceTree = "<group>"; };
		4CD8D0A51814621200FC845F /* UIKit+AFNetworking.h */ = {isa = PBXFileReference; fileEncoding = 4; lastKnownFileType = sourcecode.c.h; path = "UIKit+AFNetworking.h"; sourceTree = "<group>"; };
		4CD8D0A61814621200FC845F /* UIProgressView+AFNetworking.h */ = {isa = PBXFileReference; fileEncoding = 4; lastKnownFileType = sourcecode.c.h; path = "UIProgressView+AFNetworking.h"; sourceTree = "<group>"; };
		4CD8D0A71814621200FC845F /* UIProgressView+AFNetworking.m */ = {isa = PBXFileReference; fileEncoding = 4; lastKnownFileType = sourcecode.c.objc; path = "UIProgressView+AFNetworking.m"; sourceTree = "<group>"; };
		4CD8D0A81814621200FC845F /* UIWebView+AFNetworking.h */ = {isa = PBXFileReference; fileEncoding = 4; lastKnownFileType = sourcecode.c.h; path = "UIWebView+AFNetworking.h"; sourceTree = "<group>"; };
		4CD8D0A91814621200FC845F /* UIWebView+AFNetworking.m */ = {isa = PBXFileReference; fileEncoding = 4; lastKnownFileType = sourcecode.c.objc; path = "UIWebView+AFNetworking.m"; sourceTree = "<group>"; };
		4CDBA14F18034C020012C7D4 /* CoreLocation.framework */ = {isa = PBXFileReference; lastKnownFileType = wrapper.framework; name = CoreLocation.framework; path = System/Library/Frameworks/CoreLocation.framework; sourceTree = SDKROOT; };
		4CDBA15118034C540012C7D4 /* KODataManager.h */ = {isa = PBXFileReference; fileEncoding = 4; lastKnownFileType = sourcecode.c.h; path = KODataManager.h; sourceTree = "<group>"; };
		4CDBA15218034C540012C7D4 /* KODataManager.m */ = {isa = PBXFileReference; fileEncoding = 4; lastKnownFileType = sourcecode.c.objc; path = KODataManager.m; sourceTree = "<group>"; };
		58D19EE817EB3C4200B9AB45 /* KinoApp.app */ = {isa = PBXFileReference; explicitFileType = wrapper.application; includeInIndex = 0; path = KinoApp.app; sourceTree = BUILT_PRODUCTS_DIR; };
		58D19EEB17EB3C4200B9AB45 /* Foundation.framework */ = {isa = PBXFileReference; lastKnownFileType = wrapper.framework; name = Foundation.framework; path = System/Library/Frameworks/Foundation.framework; sourceTree = SDKROOT; };
		58D19EED17EB3C4200B9AB45 /* CoreGraphics.framework */ = {isa = PBXFileReference; lastKnownFileType = wrapper.framework; name = CoreGraphics.framework; path = System/Library/Frameworks/CoreGraphics.framework; sourceTree = SDKROOT; };
		58D19EEF17EB3C4200B9AB45 /* UIKit.framework */ = {isa = PBXFileReference; lastKnownFileType = wrapper.framework; name = UIKit.framework; path = System/Library/Frameworks/UIKit.framework; sourceTree = SDKROOT; };
		58D19EF317EB3C4200B9AB45 /* KinoApp-Info.plist */ = {isa = PBXFileReference; lastKnownFileType = text.plist.xml; path = "KinoApp-Info.plist"; sourceTree = "<group>"; };
		58D19EF517EB3C4200B9AB45 /* en */ = {isa = PBXFileReference; lastKnownFileType = text.plist.strings; name = en; path = en.lproj/InfoPlist.strings; sourceTree = "<group>"; };
		58D19EF717EB3C4200B9AB45 /* main.m */ = {isa = PBXFileReference; lastKnownFileType = sourcecode.c.objc; path = main.m; sourceTree = "<group>"; };
		58D19EF917EB3C4200B9AB45 /* KinoApp-Prefix.pch */ = {isa = PBXFileReference; lastKnownFileType = sourcecode.c.h; path = "KinoApp-Prefix.pch"; sourceTree = "<group>"; };
		58D19EFA17EB3C4200B9AB45 /* KOAppDelegate.h */ = {isa = PBXFileReference; lastKnownFileType = sourcecode.c.h; path = KOAppDelegate.h; sourceTree = "<group>"; };
		58D19EFB17EB3C4200B9AB45 /* KOAppDelegate.m */ = {isa = PBXFileReference; lastKnownFileType = sourcecode.c.objc; path = KOAppDelegate.m; sourceTree = "<group>"; };
		58D19F0917EB3C4200B9AB45 /* Images.xcassets */ = {isa = PBXFileReference; lastKnownFileType = folder.assetcatalog; path = Images.xcassets; sourceTree = "<group>"; };
		58D19F2617EB3EAC00B9AB45 /* KOBaseTableViewController.h */ = {isa = PBXFileReference; fileEncoding = 4; lastKnownFileType = sourcecode.c.h; path = KOBaseTableViewController.h; sourceTree = "<group>"; };
		58D19F2717EB3EAC00B9AB45 /* KOBaseTableViewController.m */ = {isa = PBXFileReference; fileEncoding = 4; lastKnownFileType = sourcecode.c.objc; path = KOBaseTableViewController.m; sourceTree = "<group>"; };
		58D19F2917EB534300B9AB45 /* KOCinemasTableViewController.h */ = {isa = PBXFileReference; fileEncoding = 4; lastKnownFileType = sourcecode.c.h; path = KOCinemasTableViewController.h; sourceTree = "<group>"; };
		58D19F2A17EB534300B9AB45 /* KOCinemasTableViewController.m */ = {isa = PBXFileReference; fileEncoding = 4; lastKnownFileType = sourcecode.c.objc; path = KOCinemasTableViewController.m; sourceTree = "<group>"; };
		58D19F3017EB59C000B9AB45 /* KOMoviesTableViewController.h */ = {isa = PBXFileReference; fileEncoding = 4; lastKnownFileType = sourcecode.c.h; path = KOMoviesTableViewController.h; sourceTree = "<group>"; };
		58D19F3117EB59C000B9AB45 /* KOMoviesTableViewController.m */ = {isa = PBXFileReference; fileEncoding = 4; lastKnownFileType = sourcecode.c.objc; path = KOMoviesTableViewController.m; sourceTree = "<group>"; };
/* End PBXFileReference section */

/* Begin PBXFrameworksBuildPhase section */
		58D19EE517EB3C4200B9AB45 /* Frameworks */ = {
			isa = PBXFrameworksBuildPhase;
			buildActionMask = 2147483647;
			files = (
				4CDBA15018034C020012C7D4 /* CoreLocation.framework in Frameworks */,
				58D19EEE17EB3C4200B9AB45 /* CoreGraphics.framework in Frameworks */,
				58D19EF017EB3C4200B9AB45 /* UIKit.framework in Frameworks */,
				58D19EEC17EB3C4200B9AB45 /* Foundation.framework in Frameworks */,
			);
			runOnlyForDeploymentPostprocessing = 0;
		};
/* End PBXFrameworksBuildPhase section */

/* Begin PBXGroup section */
		4C569CBF18033D3C00CDF60A /* AFNetworking */ = {
			isa = PBXGroup;
			children = (
				4C569CC018033D3C00CDF60A /* AFHTTPRequestOperation.h */,
				4C569CC118033D3C00CDF60A /* AFHTTPRequestOperation.m */,
				4C569CC218033D3C00CDF60A /* AFHTTPRequestOperationManager.h */,
				4C569CC318033D3C00CDF60A /* AFHTTPRequestOperationManager.m */,
				4C569CC418033D3C00CDF60A /* AFHTTPSessionManager.h */,
				4C569CC518033D3C00CDF60A /* AFHTTPSessionManager.m */,
				4C569CC618033D3C00CDF60A /* AFNetworking.h */,
				4C569CC718033D3C00CDF60A /* AFNetworkReachabilityManager.h */,
				4C569CC818033D3C00CDF60A /* AFNetworkReachabilityManager.m */,
				4C569CC918033D3C00CDF60A /* AFSecurityPolicy.h */,
				4C569CCA18033D3C00CDF60A /* AFSecurityPolicy.m */,
				4C569CCB18033D3C00CDF60A /* AFURLConnectionOperation.h */,
				4C569CCC18033D3C00CDF60A /* AFURLConnectionOperation.m */,
				4C569CCD18033D3C00CDF60A /* AFURLRequestSerialization.h */,
				4C569CCE18033D3C00CDF60A /* AFURLRequestSerialization.m */,
				4C569CCF18033D3C00CDF60A /* AFURLResponseSerialization.h */,
				4C569CD018033D3C00CDF60A /* AFURLResponseSerialization.m */,
				4C569CD118033D3C00CDF60A /* AFURLSessionManager.h */,
				4C569CD218033D3C00CDF60A /* AFURLSessionManager.m */,
			);
			name = AFNetworking;
			path = libs/AFNetworking/AFNetworking;
			sourceTree = SOURCE_ROOT;
		};
		4C624C1C17F367CF00CB6DF3 /* libs */ = {
			isa = PBXGroup;
			children = (
				4C569CBF18033D3C00CDF60A /* AFNetworking */,
				4C624C1D17F367EA00CB6DF3 /* Mantle */,
				4CD8D09A1814621200FC845F /* UIKit+AFNetworking */,
			);
			name = libs;
			path = KinoApp;
			sourceTree = "<group>";
		};
		4C624C1D17F367EA00CB6DF3 /* Mantle */ = {
			isa = PBXGroup;
			children = (
				4C624C1E17F367EA00CB6DF3 /* extobjc */,
				4C624C2517F367EA00CB6DF3 /* Mantle-Info.plist */,
				4C624C2617F367EA00CB6DF3 /* Mantle-Prefix.pch */,
				4C624C2717F367EA00CB6DF3 /* Mantle.h */,
				4C624C2817F367EA00CB6DF3 /* MTLJSONAdapter.h */,
				4C624C2917F367EA00CB6DF3 /* MTLJSONAdapter.m */,
				4C624C2A17F367EA00CB6DF3 /* MTLManagedObjectAdapter.h */,
				4C624C2B17F367EA00CB6DF3 /* MTLManagedObjectAdapter.m */,
				4C624C2C17F367EA00CB6DF3 /* MTLModel+NSCoding.h */,
				4C624C2D17F367EA00CB6DF3 /* MTLModel+NSCoding.m */,
				4C624C2E17F367EA00CB6DF3 /* MTLModel.h */,
				4C624C2F17F367EA00CB6DF3 /* MTLModel.m */,
				4C624C3017F367EA00CB6DF3 /* MTLReflection.h */,
				4C624C3117F367EA00CB6DF3 /* MTLReflection.m */,
				4C624C3217F367EA00CB6DF3 /* MTLValueTransformer.h */,
				4C624C3317F367EA00CB6DF3 /* MTLValueTransformer.m */,
				4C624C3417F367EA00CB6DF3 /* NSArray+MTLManipulationAdditions.h */,
				4C624C3517F367EA00CB6DF3 /* NSArray+MTLManipulationAdditions.m */,
				4C624C3617F367EA00CB6DF3 /* NSDictionary+MTLManipulationAdditions.h */,
				4C624C3717F367EA00CB6DF3 /* NSDictionary+MTLManipulationAdditions.m */,
				4C624C3817F367EA00CB6DF3 /* NSError+MTLModelException.h */,
				4C624C3917F367EA00CB6DF3 /* NSError+MTLModelException.m */,
				4C624C3A17F367EA00CB6DF3 /* NSObject+MTLComparisonAdditions.h */,
				4C624C3B17F367EA00CB6DF3 /* NSObject+MTLComparisonAdditions.m */,
				4C624C3C17F367EA00CB6DF3 /* NSValueTransformer+MTLInversionAdditions.h */,
				4C624C3D17F367EA00CB6DF3 /* NSValueTransformer+MTLInversionAdditions.m */,
				4C624C3E17F367EA00CB6DF3 /* NSValueTransformer+MTLPredefinedTransformerAdditions.h */,
				4C624C3F17F367EA00CB6DF3 /* NSValueTransformer+MTLPredefinedTransformerAdditions.m */,
			);
			name = Mantle;
			path = libs/Mantle/Mantle;
			sourceTree = SOURCE_ROOT;
		};
		4C624C1E17F367EA00CB6DF3 /* extobjc */ = {
			isa = PBXGroup;
			children = (
				4C624C1F17F367EA00CB6DF3 /* EXTKeyPathCoding.h */,
				4C624C2017F367EA00CB6DF3 /* EXTRuntimeExtensions.h */,
				4C624C2117F367EA00CB6DF3 /* EXTRuntimeExtensions.m */,
				4C624C2217F367EA00CB6DF3 /* EXTScope.h */,
				4C624C2317F367EA00CB6DF3 /* EXTScope.m */,
				4C624C2417F367EA00CB6DF3 /* metamacros.h */,
			);
			path = extobjc;
			sourceTree = "<group>";
		};
		4C624C4F17F368E600CB6DF3 /* Models */ = {
			isa = PBXGroup;
			children = (
				4C624C5017F3699800CB6DF3 /* KOModels.h */,
				4C624C5117F3699800CB6DF3 /* KOModels.m */,
				4CDBA15118034C540012C7D4 /* KODataManager.h */,
				4CDBA15218034C540012C7D4 /* KODataManager.m */,
			);
			name = Models;
			sourceTree = "<group>";
		};
		4CD8D0901812E09B00FC845F /* Views */ = {
			isa = PBXGroup;
			children = (
				4CD8D0911812E0BC00FC845F /* KOCinemaCell.h */,
				4CD8D0921812E0BC00FC845F /* KOCinemaCell.m */,
				4CD8D0941812E0CF00FC845F /* KOMovieNameCell.h */,
				4CD8D0951812E0CF00FC845F /* KOMovieNameCell.m */,
				4CD8D0971812E0E000FC845F /* KOMovieScreeningCell.h */,
				4CD8D0981812E0E000FC845F /* KOMovieScreeningCell.m */,
			);
			name = Views;
			sourceTree = "<group>";
		};
		4CD8D09A1814621200FC845F /* UIKit+AFNetworking */ = {
			isa = PBXGroup;
			children = (
				4CD8D09B1814621200FC845F /* AFNetworkActivityIndicatorManager.h */,
				4CD8D09C1814621200FC845F /* AFNetworkActivityIndicatorManager.m */,
				4CD8D09D1814621200FC845F /* UIActivityIndicatorView+AFNetworking.h */,
				4CD8D09E1814621200FC845F /* UIActivityIndicatorView+AFNetworking.m */,
				4CD8D09F1814621200FC845F /* UIAlertView+AFNetworking.h */,
				4CD8D0A01814621200FC845F /* UIAlertView+AFNetworking.m */,
				4CD8D0A11814621200FC845F /* UIButton+AFNetworking.h */,
				4CD8D0A21814621200FC845F /* UIButton+AFNetworking.m */,
				4CD8D0A31814621200FC845F /* UIImageView+AFNetworking.h */,
				4CD8D0A41814621200FC845F /* UIImageView+AFNetworking.m */,
				4CD8D0A51814621200FC845F /* UIKit+AFNetworking.h */,
				4CD8D0A61814621200FC845F /* UIProgressView+AFNetworking.h */,
				4CD8D0A71814621200FC845F /* UIProgressView+AFNetworking.m */,
				4CD8D0A81814621200FC845F /* UIWebView+AFNetworking.h */,
				4CD8D0A91814621200FC845F /* UIWebView+AFNetworking.m */,
			);
			name = "UIKit+AFNetworking";
			path = "libs/AFNetworking/UIKit+AFNetworking";
			sourceTree = SOURCE_ROOT;
		};
		58D19EDF17EB3C4200B9AB45 = {
			isa = PBXGroup;
			children = (
				4C624C1C17F367CF00CB6DF3 /* libs */,
				58D19EF117EB3C4200B9AB45 /* KinoApp */,
				58D19EEA17EB3C4200B9AB45 /* Frameworks */,
				58D19EE917EB3C4200B9AB45 /* Products */,
			);
			sourceTree = "<group>";
		};
		58D19EE917EB3C4200B9AB45 /* Products */ = {
			isa = PBXGroup;
			children = (
				58D19EE817EB3C4200B9AB45 /* KinoApp.app */,
			);
			name = Products;
			sourceTree = "<group>";
		};
		58D19EEA17EB3C4200B9AB45 /* Frameworks */ = {
			isa = PBXGroup;
			children = (
				4CDBA14F18034C020012C7D4 /* CoreLocation.framework */,
				58D19EED17EB3C4200B9AB45 /* CoreGraphics.framework */,
				58D19EEB17EB3C4200B9AB45 /* Foundation.framework */,
				58D19EEF17EB3C4200B9AB45 /* UIKit.framework */,
			);
			name = Frameworks;
			sourceTree = "<group>";
		};
		58D19EF117EB3C4200B9AB45 /* KinoApp */ = {
			isa = PBXGroup;
			children = (
				4C624C4F17F368E600CB6DF3 /* Models */,
				4CD8D0901812E09B00FC845F /* Views */,
				58D19EFA17EB3C4200B9AB45 /* KOAppDelegate.h */,
				58D19EFB17EB3C4200B9AB45 /* KOAppDelegate.m */,
				4C569CBC180336FE00CDF60A /* KOAPIClient.h */,
				4C569CBD180336FE00CDF60A /* KOAPIClient.m */,
				58D19F2617EB3EAC00B9AB45 /* KOBaseTableViewController.h */,
				58D19F2717EB3EAC00B9AB45 /* KOBaseTableViewController.m */,
				58D19F2917EB534300B9AB45 /* KOCinemasTableViewController.h */,
				58D19F2A17EB534300B9AB45 /* KOCinemasTableViewController.m */,
				58D19F3017EB59C000B9AB45 /* KOMoviesTableViewController.h */,
				58D19F3117EB59C000B9AB45 /* KOMoviesTableViewController.m */,
				4C7549D9180DC04A009E88BE /* KOSecondaryDetailTableViewController.h */,
				4C7549DA180DC04A009E88BE /* KOSecondaryDetailTableViewController.m */,
				58D19EF217EB3C4200B9AB45 /* Supporting Files */,
				58D19F0917EB3C4200B9AB45 /* Images.xcassets */,
			);
			path = KinoApp;
			sourceTree = "<group>";
		};
		58D19EF217EB3C4200B9AB45 /* Supporting Files */ = {
			isa = PBXGroup;
			children = (
				58D19EF317EB3C4200B9AB45 /* KinoApp-Info.plist */,
				58D19EF417EB3C4200B9AB45 /* InfoPlist.strings */,
				58D19EF717EB3C4200B9AB45 /* main.m */,
				58D19EF917EB3C4200B9AB45 /* KinoApp-Prefix.pch */,
			);
			name = "Supporting Files";
			sourceTree = "<group>";
		};
/* End PBXGroup section */

/* Begin PBXNativeTarget section */
		58D19EE717EB3C4200B9AB45 /* KinoApp */ = {
			isa = PBXNativeTarget;
			buildConfigurationList = 58D19F2017EB3C4200B9AB45 /* Build configuration list for PBXNativeTarget "KinoApp" */;
			buildPhases = (
				58D19EE417EB3C4200B9AB45 /* Sources */,
				58D19EE517EB3C4200B9AB45 /* Frameworks */,
				58D19EE617EB3C4200B9AB45 /* Resources */,
			);
			buildRules = (
			);
			dependencies = (
			);
			name = KinoApp;
			productName = KinoApp;
			productReference = 58D19EE817EB3C4200B9AB45 /* KinoApp.app */;
			productType = "com.apple.product-type.application";
		};
/* End PBXNativeTarget section */

/* Begin PBXProject section */
		58D19EE017EB3C4200B9AB45 /* Project object */ = {
			isa = PBXProject;
			attributes = {
				CLASSPREFIX = KO;
				LastUpgradeCheck = 0500;
				ORGANIZATIONNAME = "Milan Cermak";
			};
			buildConfigurationList = 58D19EE317EB3C4200B9AB45 /* Build configuration list for PBXProject "KinoApp" */;
			compatibilityVersion = "Xcode 3.2";
			developmentRegion = English;
			hasScannedForEncodings = 0;
			knownRegions = (
				en,
				Base,
			);
			mainGroup = 58D19EDF17EB3C4200B9AB45;
			productRefGroup = 58D19EE917EB3C4200B9AB45 /* Products */;
			projectDirPath = "";
			projectRoot = "";
			targets = (
				58D19EE717EB3C4200B9AB45 /* KinoApp */,
			);
		};
/* End PBXProject section */

/* Begin PBXResourcesBuildPhase section */
		58D19EE617EB3C4200B9AB45 /* Resources */ = {
			isa = PBXResourcesBuildPhase;
			buildActionMask = 2147483647;
			files = (
				58D19F0A17EB3C4200B9AB45 /* Images.xcassets in Resources */,
				4C624C4217F367EA00CB6DF3 /* Mantle-Info.plist in Resources */,
				58D19EF617EB3C4200B9AB45 /* InfoPlist.strings in Resources */,
			);
			runOnlyForDeploymentPostprocessing = 0;
		};
/* End PBXResourcesBuildPhase section */

/* Begin PBXSourcesBuildPhase section */
		58D19EE417EB3C4200B9AB45 /* Sources */ = {
			isa = PBXSourcesBuildPhase;
			buildActionMask = 2147483647;
			files = (
				4C569CD818033D3C00CDF60A /* AFURLConnectionOperation.m in Sources */,
				4C624C4417F367EA00CB6DF3 /* MTLManagedObjectAdapter.m in Sources */,
				4C624C4D17F367EA00CB6DF3 /* NSValueTransformer+MTLInversionAdditions.m in Sources */,
				4C569CD318033D3C00CDF60A /* AFHTTPRequestOperation.m in Sources */,
				4C569CDA18033D3C00CDF60A /* AFURLResponseSerialization.m in Sources */,
				4C624C4E17F367EA00CB6DF3 /* NSValueTransformer+MTLPredefinedTransformerAdditions.m in Sources */,
				4C624C4A17F367EA00CB6DF3 /* NSDictionary+MTLManipulationAdditions.m in Sources */,
				4C624C4C17F367EA00CB6DF3 /* NSObject+MTLComparisonAdditions.m in Sources */,
				4CD8D0AA1814621200FC845F /* AFNetworkActivityIndicatorManager.m in Sources */,
				4C624C4917F367EA00CB6DF3 /* NSArray+MTLManipulationAdditions.m in Sources */,
				4C624C4717F367EA00CB6DF3 /* MTLReflection.m in Sources */,
				4CD8D0AE1814621200FC845F /* UIImageView+AFNetworking.m in Sources */,
				4CD8D0AD1814621200FC845F /* UIButton+AFNetworking.m in Sources */,
				4CD8D0AB1814621200FC845F /* UIActivityIndicatorView+AFNetworking.m in Sources */,
				4C7549DB180DC04A009E88BE /* KOSecondaryDetailTableViewController.m in Sources */,
				4C624C5217F3699800CB6DF3 /* KOModels.m in Sources */,
				4C624C4117F367EA00CB6DF3 /* EXTScope.m in Sources */,
				4CD8D0961812E0CF00FC845F /* KOMovieNameCell.m in Sources */,
				4CD8D0AF1814621200FC845F /* UIProgressView+AFNetworking.m in Sources */,
				4C569CD718033D3C00CDF60A /* AFSecurityPolicy.m in Sources */,
				4C569CDB18033D3C00CDF60A /* AFURLSessionManager.m in Sources */,
				4C624C4B17F367EA00CB6DF3 /* NSError+MTLModelException.m in Sources */,
				4CD8D0991812E0E000FC845F /* KOMovieScreeningCell.m in Sources */,
				4C624C4317F367EA00CB6DF3 /* MTLJSONAdapter.m in Sources */,
				4C569CD518033D3C00CDF60A /* AFHTTPSessionManager.m in Sources */,
				4CD8D0AC1814621200FC845F /* UIAlertView+AFNetworking.m in Sources */,
				4CD8D0931812E0BC00FC845F /* KOCinemaCell.m in Sources */,
				4C569CD618033D3C00CDF60A /* AFNetworkReachabilityManager.m in Sources */,
				4C624C4817F367EA00CB6DF3 /* MTLValueTransformer.m in Sources */,
				4C569CD418033D3C00CDF60A /* AFHTTPRequestOperationManager.m in Sources */,
				4C569CD918033D3C00CDF60A /* AFURLRequestSerialization.m in Sources */,
				58D19EFC17EB3C4200B9AB45 /* KOAppDelegate.m in Sources */,
				4C624C4517F367EA00CB6DF3 /* MTLModel+NSCoding.m in Sources */,
				58D19F3217EB59C000B9AB45 /* KOMoviesTableViewController.m in Sources */,
				4CDBA15318034C540012C7D4 /* KODataManager.m in Sources */,
				4C624C4017F367EA00CB6DF3 /* EXTRuntimeExtensions.m in Sources */,
				4C569CBE180336FE00CDF60A /* KOAPIClient.m in Sources */,
				58D19F2817EB3EAC00B9AB45 /* KOBaseTableViewController.m in Sources */,
				4CD8D0B01814621200FC845F /* UIWebView+AFNetworking.m in Sources */,
				58D19F2B17EB534300B9AB45 /* KOCinemasTableViewController.m in Sources */,
				58D19EF817EB3C4200B9AB45 /* main.m in Sources */,
				4C624C4617F367EA00CB6DF3 /* MTLModel.m in Sources */,
			);
			runOnlyForDeploymentPostprocessing = 0;
		};
/* End PBXSourcesBuildPhase section */

/* Begin PBXVariantGroup section */
		58D19EF417EB3C4200B9AB45 /* InfoPlist.strings */ = {
			isa = PBXVariantGroup;
			children = (
				58D19EF517EB3C4200B9AB45 /* en */,
			);
			name = InfoPlist.strings;
			sourceTree = "<group>";
		};
/* End PBXVariantGroup section */

/* Begin XCBuildConfiguration section */
		58D19F1E17EB3C4200B9AB45 /* Debug */ = {
			isa = XCBuildConfiguration;
			buildSettings = {
				ALWAYS_SEARCH_USER_PATHS = NO;
				ARCHS = "$(ARCHS_STANDARD_INCLUDING_64_BIT)";
				CLANG_CXX_LANGUAGE_STANDARD = "gnu++0x";
				CLANG_CXX_LIBRARY = "libc++";
				CLANG_ENABLE_MODULES = YES;
				CLANG_ENABLE_OBJC_ARC = YES;
				CLANG_WARN_BOOL_CONVERSION = YES;
				CLANG_WARN_CONSTANT_CONVERSION = YES;
				CLANG_WARN_DIRECT_OBJC_ISA_USAGE = YES_ERROR;
				CLANG_WARN_EMPTY_BODY = YES;
				CLANG_WARN_ENUM_CONVERSION = YES;
				CLANG_WARN_INT_CONVERSION = YES;
				CLANG_WARN_OBJC_ROOT_CLASS = YES_ERROR;
				CLANG_WARN__DUPLICATE_METHOD_MATCH = YES;
				"CODE_SIGN_IDENTITY[sdk=iphoneos*]" = "iPhone Developer";
				COPY_PHASE_STRIP = NO;
				GCC_C_LANGUAGE_STANDARD = gnu99;
				GCC_DYNAMIC_NO_PIC = NO;
				GCC_OPTIMIZATION_LEVEL = 0;
				GCC_PREPROCESSOR_DEFINITIONS = (
					"DEBUG=1",
					"$(inherited)",
				);
				GCC_SYMBOLS_PRIVATE_EXTERN = NO;
				GCC_WARN_64_TO_32_BIT_CONVERSION = YES;
				GCC_WARN_ABOUT_RETURN_TYPE = YES_ERROR;
				GCC_WARN_UNDECLARED_SELECTOR = YES;
				GCC_WARN_UNINITIALIZED_AUTOS = YES;
				GCC_WARN_UNUSED_FUNCTION = YES;
				GCC_WARN_UNUSED_VARIABLE = YES;
				HEADER_SEARCH_PATHS = (
					"$(inherited)",
					/Applications/Xcode.app/Contents/Developer/Toolchains/XcodeDefault.xctoolchain/usr/include,
					"$(PROJECT_DIR)/libs/**",
				);
				IPHONEOS_DEPLOYMENT_TARGET = 7.0;
				LIBRARY_SEARCH_PATHS = "";
				ONLY_ACTIVE_ARCH = YES;
				SDKROOT = iphoneos;
				TARGETED_DEVICE_FAMILY = "1,2";
			};
			name = Debug;
		};
		58D19F1F17EB3C4200B9AB45 /* Release */ = {
			isa = XCBuildConfiguration;
			buildSettings = {
				ALWAYS_SEARCH_USER_PATHS = NO;
				ARCHS = "$(ARCHS_STANDARD_INCLUDING_64_BIT)";
				CLANG_CXX_LANGUAGE_STANDARD = "gnu++0x";
				CLANG_CXX_LIBRARY = "libc++";
				CLANG_ENABLE_MODULES = YES;
				CLANG_ENABLE_OBJC_ARC = YES;
				CLANG_WARN_BOOL_CONVERSION = YES;
				CLANG_WARN_CONSTANT_CONVERSION = YES;
				CLANG_WARN_DIRECT_OBJC_ISA_USAGE = YES_ERROR;
				CLANG_WARN_EMPTY_BODY = YES;
				CLANG_WARN_ENUM_CONVERSION = YES;
				CLANG_WARN_INT_CONVERSION = YES;
				CLANG_WARN_OBJC_ROOT_CLASS = YES_ERROR;
				CLANG_WARN__DUPLICATE_METHOD_MATCH = YES;
				"CODE_SIGN_IDENTITY[sdk=iphoneos*]" = "iPhone Developer";
				COPY_PHASE_STRIP = YES;
				ENABLE_NS_ASSERTIONS = NO;
				GCC_C_LANGUAGE_STANDARD = gnu99;
				GCC_WARN_64_TO_32_BIT_CONVERSION = YES;
				GCC_WARN_ABOUT_RETURN_TYPE = YES_ERROR;
				GCC_WARN_UNDECLARED_SELECTOR = YES;
				GCC_WARN_UNINITIALIZED_AUTOS = YES;
				GCC_WARN_UNUSED_FUNCTION = YES;
				GCC_WARN_UNUSED_VARIABLE = YES;
				HEADER_SEARCH_PATHS = (
					"$(inherited)",
					/Applications/Xcode.app/Contents/Developer/Toolchains/XcodeDefault.xctoolchain/usr/include,
					"$(PROJECT_DIR)/libs/**",
				);
				IPHONEOS_DEPLOYMENT_TARGET = 7.0;
				LIBRARY_SEARCH_PATHS = "";
				SDKROOT = iphoneos;
				TARGETED_DEVICE_FAMILY = "1,2";
				VALIDATE_PRODUCT = YES;
			};
			name = Release;
		};
		58D19F2117EB3C4200B9AB45 /* Debug */ = {
			isa = XCBuildConfiguration;
			buildSettings = {
				ASSETCATALOG_COMPILER_APPICON_NAME = AppIcon;
				ASSETCATALOG_COMPILER_LAUNCHIMAGE_NAME = LaunchImage;
				GCC_PRECOMPILE_PREFIX_HEADER = YES;
				GCC_PREFIX_HEADER = "KinoApp/KinoApp-Prefix.pch";
				INFOPLIST_FILE = "KinoApp/KinoApp-Info.plist";
				LIBRARY_SEARCH_PATHS = "";
				PRODUCT_NAME = "$(TARGET_NAME)";
				WRAPPER_EXTENSION = app;
			};
			name = Debug;
		};
		58D19F2217EB3C4200B9AB45 /* Release */ = {
			isa = XCBuildConfiguration;
			buildSettings = {
				ASSETCATALOG_COMPILER_APPICON_NAME = AppIcon;
				ASSETCATALOG_COMPILER_LAUNCHIMAGE_NAME = LaunchImage;
				GCC_PRECOMPILE_PREFIX_HEADER = YES;
				GCC_PREFIX_HEADER = "KinoApp/KinoApp-Prefix.pch";
				INFOPLIST_FILE = "KinoApp/KinoApp-Info.plist";
				LIBRARY_SEARCH_PATHS = "";
				PRODUCT_NAME = "$(TARGET_NAME)";
				WRAPPER_EXTENSION = app;
			};
			name = Release;
		};
/* End XCBuildConfiguration section */

/* Begin XCConfigurationList section */
		58D19EE317EB3C4200B9AB45 /* Build configuration list for PBXProject "KinoApp" */ = {
			isa = XCConfigurationList;
			buildConfigurations = (
				58D19F1E17EB3C4200B9AB45 /* Debug */,
				58D19F1F17EB3C4200B9AB45 /* Release */,
			);
			defaultConfigurationIsVisible = 0;
			defaultConfigurationName = Release;
		};
		58D19F2017EB3C4200B9AB45 /* Build configuration list for PBXNativeTarget "KinoApp" */ = {
			isa = XCConfigurationList;
			buildConfigurations = (
				58D19F2117EB3C4200B9AB45 /* Debug */,
				58D19F2217EB3C4200B9AB45 /* Release */,
			);
			defaultConfigurationIsVisible = 0;
			defaultConfigurationName = Release;
		};
/* End XCConfigurationList section */
	};
	rootObject = 58D19EE017EB3C4200B9AB45 /* Project object */;
}
